
Microsoft Visual Studio Solution File, Format Version 12.00
# Visual Studio 2012
Project("{FAE04EC0-301F-11D3-BF4B-00C04F79EFBC}") = "Infodinamica.Framework.Exportable", "Infodinamica.Framework.Exportable\Infodinamica.Framework.Exportable.csproj", "{4F7B4713-BA09-4C75-AB61-D766A6240319}"
EndProject
Project("{FAE04EC0-301F-11D3-BF4B-00C04F79EFBC}") = "Infodinamica.Framework.Exportable.Resources", "Infodinamica.Framework.Exportable.Resources\Infodinamica.Framework.Exportable.Resources.csproj", "{3B463CB0-DF5F-4F04-B89F-5ED360479014}"
EndProject
Project("{FAE04EC0-301F-11D3-BF4B-00C04F79EFBC}") = "Infodinamica.Framework.Test", "Infodinamica.Framework.Test\Infodinamica.Framework.Test.csproj", "{84E48DD8-E702-4B8E-A064-619105889613}"
EndProject
Global
	GlobalSection(SolutionConfigurationPlatforms) = preSolution
		Debug|Any CPU = Debug|Any CPU
		Release|Any CPU = Release|Any CPU
	EndGlobalSection
	GlobalSection(ProjectConfigurationPlatforms) = postSolution
		{4F7B4713-BA09-4C75-AB61-D766A6240319}.Debug|Any CPU.ActiveCfg = Debug|Any CPU
		{4F7B4713-BA09-4C75-AB61-D766A6240319}.Debug|Any CPU.Build.0 = Debug|Any CPU
		{4F7B4713-BA09-4C75-AB61-D766A6240319}.Release|Any CPU.ActiveCfg = Release|Any CPU
		{4F7B4713-BA09-4C75-AB61-D766A6240319}.Release|Any CPU.Build.0 = Release|Any CPU
		{3B463CB0-DF5F-4F04-B89F-5ED360479014}.Debug|Any CPU.ActiveCfg = Debug|Any CPU
		{3B463CB0-DF5F-4F04-B89F-5ED360479014}.Debug|Any CPU.Build.0 = Debug|Any CPU
		{3B463CB0-DF5F-4F04-B89F-5ED360479014}.Release|Any CPU.ActiveCfg = Release|Any CPU
		{3B463CB0-DF5F-4F04-B89F-5ED360479014}.Release|Any CPU.Build.0 = Release|Any CPU
		{84E48DD8-E702-4B8E-A064-619105889613}.Debug|Any CPU.ActiveCfg = Debug|Any CPU
		{84E48DD8-E702-4B8E-A064-619105889613}.Debug|Any CPU.Build.0 = Debug|Any CPU
		{84E48DD8-E702-4B8E-A064-619105889613}.Release|Any CPU.ActiveCfg = Release|Any CPU
		{84E48DD8-E702-4B8E-A064-619105889613}.Release|Any CPU.Build.0 = Release|Any CPU
	EndGlobalSection
	GlobalSection(SolutionProperties) = preSolution
		HideSolutionNode = FALSE
	EndGlobalSection
EndGlobal
